
Microsoft Visual Studio Solution File, Format Version 12.00
# Visual Studio Version 16
VisualStudioVersion = 16.0.31321.278
MinimumVisualStudioVersion = 10.0.40219.1
Project("{9A19103F-16F7-4668-BE54-9A1E7A4F7556}") = "IslandFinder", "IslandFinder\IslandFinder.csproj", "{62339332-0B9D-4111-A404-1E7E0ED649D5}"
EndProject
Global
	GlobalSection(SolutionConfigurationPlatforms) = preSolution
		Debug|Any CPU = Debug|Any CPU
		Release|Any CPU = Release|Any CPU
	EndGlobalSection
	GlobalSection(ProjectConfigurationPlatforms) = postSolution
		{62339332-0B9D-4111-A404-1E7E0ED649D5}.Debug|Any CPU.ActiveCfg = Debug|Any CPU
		{62339332-0B9D-4111-A404-1E7E0ED649D5}.Debug|Any CPU.Build.0 = Debug|Any CPU
		{62339332-0B9D-4111-A404-1E7E0ED649D5}.Release|Any CPU.ActiveCfg = Release|Any CPU
		{62339332-0B9D-4111-A404-1E7E0ED649D5}.Release|Any CPU.Build.0 = Release|Any CPU
	EndGlobalSection
	GlobalSection(SolutionProperties) = preSolution
		HideSolutionNode = FALSE
	EndGlobalSection
	GlobalSection(ExtensibilityGlobals) = postSolution
		SolutionGuid = {CDE45FEE-4732-4082-B5A7-330EF3CF48B9}
	EndGlobalSection
EndGlobal
